// !$*UTF8*$!
{
	archiveVersion = 1;
	classes = {
	};
	objectVersion = 46;
	objects = {

/* Begin PBXBuildFile section */
		47883A687736DB233BE32277 /* Pods.framework in Frameworks */ = {isa = PBXBuildFile; fileRef = 5ACBA5EF5151799F6BA3FC0D /* Pods.framework */; };
		8F4D9CC81C069134002E0474 /* NSDateExtensions.swift in Sources */ = {isa = PBXBuildFile; fileRef = 8F4D9CC71C069134002E0474 /* NSDateExtensions.swift */; };
		8F4D9CCB1C069D3D002E0474 /* MedTimeTableViewCell.swift in Sources */ = {isa = PBXBuildFile; fileRef = 8F4D9CCA1C069D3D002E0474 /* MedTimeTableViewCell.swift */; };
		8F8B59FD1C02CA6600D71824 /* PSManager.swift in Sources */ = {isa = PBXBuildFile; fileRef = 8F8B59FC1C02CA6600D71824 /* PSManager.swift */; };
		8F8B5A001C02D69C00D71824 /* MedTime.swift in Sources */ = {isa = PBXBuildFile; fileRef = 8F8B59FF1C02D69C00D71824 /* MedTime.swift */; };
		8FC432C11C0296A600397C34 /* AppDelegate.swift in Sources */ = {isa = PBXBuildFile; fileRef = 8FC432C01C0296A600397C34 /* AppDelegate.swift */; };
		8FC432C31C0296A600397C34 /* ViewController.swift in Sources */ = {isa = PBXBuildFile; fileRef = 8FC432C21C0296A600397C34 /* ViewController.swift */; };
		8FC432C61C0296A600397C34 /* Main.storyboard in Resources */ = {isa = PBXBuildFile; fileRef = 8FC432C41C0296A600397C34 /* Main.storyboard */; };
		8FC432C91C0296A600397C34 /* Plink.xcdatamodeld in Sources */ = {isa = PBXBuildFile; fileRef = 8FC432C71C0296A600397C34 /* Plink.xcdatamodeld */; };
		8FC432CB1C0296A600397C34 /* Assets.xcassets in Resources */ = {isa = PBXBuildFile; fileRef = 8FC432CA1C0296A600397C34 /* Assets.xcassets */; };
		8FC432CE1C0296A600397C34 /* LaunchScreen.storyboard in Resources */ = {isa = PBXBuildFile; fileRef = 8FC432CC1C0296A600397C34 /* LaunchScreen.storyboard */; };
/* End PBXBuildFile section */

/* Begin PBXFileReference section */
		1C5F4369008F5945EF273677 /* Pods.debug.xcconfig */ = {isa = PBXFileReference; includeInIndex = 1; lastKnownFileType = text.xcconfig; name = Pods.debug.xcconfig; path = "Pods/Target Support Files/Pods/Pods.debug.xcconfig"; sourceTree = "<group>"; };
		5ACBA5EF5151799F6BA3FC0D /* Pods.framework */ = {isa = PBXFileReference; explicitFileType = wrapper.framework; includeInIndex = 0; path = Pods.framework; sourceTree = BUILT_PRODUCTS_DIR; };
		8F4D9CC71C069134002E0474 /* NSDateExtensions.swift */ = {isa = PBXFileReference; fileEncoding = 4; lastKnownFileType = sourcecode.swift; path = NSDateExtensions.swift; sourceTree = "<group>"; };
		8F4D9CCA1C069D3D002E0474 /* MedTimeTableViewCell.swift */ = {isa = PBXFileReference; fileEncoding = 4; lastKnownFileType = sourcecode.swift; name = MedTimeTableViewCell.swift; path = TableViewCell/MedTimeTableViewCell.swift; sourceTree = "<group>"; };
		8F8B59FC1C02CA6600D71824 /* PSManager.swift */ = {isa = PBXFileReference; fileEncoding = 4; lastKnownFileType = sourcecode.swift; name = PSManager.swift; path = Networking/PSManager.swift; sourceTree = "<group>"; };
		8F8B59FF1C02D69C00D71824 /* MedTime.swift */ = {isa = PBXFileReference; fileEncoding = 4; lastKnownFileType = sourcecode.swift; name = MedTime.swift; path = Data/MedTime.swift; sourceTree = "<group>"; };
		8FC432BD1C0296A600397C34 /* Plink.app */ = {isa = PBXFileReference; explicitFileType = wrapper.application; includeInIndex = 0; path = Plink.app; sourceTree = BUILT_PRODUCTS_DIR; };
		8FC432C01C0296A600397C34 /* AppDelegate.swift */ = {isa = PBXFileReference; lastKnownFileType = sourcecode.swift; path = AppDelegate.swift; sourceTree = "<group>"; };
		8FC432C21C0296A600397C34 /* ViewController.swift */ = {isa = PBXFileReference; lastKnownFileType = sourcecode.swift; path = ViewController.swift; sourceTree = "<group>"; };
		8FC432C51C0296A600397C34 /* Base */ = {isa = PBXFileReference; lastKnownFileType = file.storyboard; name = Base; path = Base.lproj/Main.storyboard; sourceTree = "<group>"; };
		8FC432C81C0296A600397C34 /* Plink.xcdatamodel */ = {isa = PBXFileReference; lastKnownFileType = wrapper.xcdatamodel; path = Plink.xcdatamodel; sourceTree = "<group>"; };
		8FC432CA1C0296A600397C34 /* Assets.xcassets */ = {isa = PBXFileReference; lastKnownFileType = folder.assetcatalog; path = Assets.xcassets; sourceTree = "<group>"; };
		8FC432CD1C0296A600397C34 /* Base */ = {isa = PBXFileReference; lastKnownFileType = file.storyboard; name = Base; path = Base.lproj/LaunchScreen.storyboard; sourceTree = "<group>"; };
		8FC432CF1C0296A600397C34 /* Info.plist */ = {isa = PBXFileReference; lastKnownFileType = text.plist.xml; path = Info.plist; sourceTree = "<group>"; };
		E2AE70F51620601624F039E9 /* Pods.release.xcconfig */ = {isa = PBXFileReference; includeInIndex = 1; lastKnownFileType = text.xcconfig; name = Pods.release.xcconfig; path = "Pods/Target Support Files/Pods/Pods.release.xcconfig"; sourceTree = "<group>"; };
/* End PBXFileReference section */

/* Begin PBXFrameworksBuildPhase section */
		8FC432BA1C0296A600397C34 /* Frameworks */ = {
			isa = PBXFrameworksBuildPhase;
			buildActionMask = 2147483647;
			files = (
				47883A687736DB233BE32277 /* Pods.framework in Frameworks */,
			);
			runOnlyForDeploymentPostprocessing = 0;
		};
/* End PBXFrameworksBuildPhase section */

/* Begin PBXGroup section */
		8F4D9CC61C069121002E0474 /* Extensions */ = {
			isa = PBXGroup;
			children = (
				8F4D9CC71C069134002E0474 /* NSDateExtensions.swift */,
			);
			name = Extensions;
			sourceTree = "<group>";
		};
		8F4D9CC91C069CF9002E0474 /* TableViewCell */ = {
			isa = PBXGroup;
			children = (
				8F4D9CCA1C069D3D002E0474 /* MedTimeTableViewCell.swift */,
			);
			name = TableViewCell;
			sourceTree = "<group>";
		};
		8F8B59FB1C02CA4500D71824 /* Networking */ = {
			isa = PBXGroup;
			children = (
				8F8B59FC1C02CA6600D71824 /* PSManager.swift */,
			);
			name = Networking;
			sourceTree = "<group>";
		};
		8F8B59FE1C02D68700D71824 /* Data */ = {
			isa = PBXGroup;
			children = (
				8F8B59FF1C02D69C00D71824 /* MedTime.swift */,
			);
			name = Data;
			sourceTree = "<group>";
		};
		8FC432B41C0296A600397C34 = {
			isa = PBXGroup;
			children = (
				8FC432BF1C0296A600397C34 /* Plink */,
				8FC432BE1C0296A600397C34 /* Products */,
				DF57CF0192791E150EAC6BA5 /* Pods */,
				E4896E7B506CC24A4D12C340 /* Frameworks */,
			);
			sourceTree = "<group>";
		};
		8FC432BE1C0296A600397C34 /* Products */ = {
			isa = PBXGroup;
			children = (
				8FC432BD1C0296A600397C34 /* Plink.app */,
			);
			name = Products;
			sourceTree = "<group>";
		};
		8FC432BF1C0296A600397C34 /* Plink */ = {
			isa = PBXGroup;
			children = (
				8F4D9CC61C069121002E0474 /* Extensions */,
				8F8B59FE1C02D68700D71824 /* Data */,
				8F8B59FB1C02CA4500D71824 /* Networking */,
				8F4D9CC91C069CF9002E0474 /* TableViewCell */,
				8FC432C01C0296A600397C34 /* AppDelegate.swift */,
				8FC432C21C0296A600397C34 /* ViewController.swift */,
				8FC432C41C0296A600397C34 /* Main.storyboard */,
				8FC432CA1C0296A600397C34 /* Assets.xcassets */,
				8FC432CC1C0296A600397C34 /* LaunchScreen.storyboard */,
				8FC432CF1C0296A600397C34 /* Info.plist */,
				8FC432C71C0296A600397C34 /* Plink.xcdatamodeld */,
			);
			path = Plink;
			sourceTree = "<group>";
		};
		DF57CF0192791E150EAC6BA5 /* Pods */ = {
			isa = PBXGroup;
			children = (
				1C5F4369008F5945EF273677 /* Pods.debug.xcconfig */,
				E2AE70F51620601624F039E9 /* Pods.release.xcconfig */,
			);
			name = Pods;
			sourceTree = "<group>";
		};
		E4896E7B506CC24A4D12C340 /* Frameworks */ = {
			isa = PBXGroup;
			children = (
				5ACBA5EF5151799F6BA3FC0D /* Pods.framework */,
			);
			name = Frameworks;
			sourceTree = "<group>";
		};
/* End PBXGroup section */

/* Begin PBXNativeTarget section */
		8FC432BC1C0296A600397C34 /* Plink */ = {
			isa = PBXNativeTarget;
			buildConfigurationList = 8FC432D21C0296A600397C34 /* Build configuration list for PBXNativeTarget "Plink" */;
			buildPhases = (
				0936CA8EEEF0BEF086954BFD /* Check Pods Manifest.lock */,
				8FC432B91C0296A600397C34 /* Sources */,
				8FC432BA1C0296A600397C34 /* Frameworks */,
				8FC432BB1C0296A600397C34 /* Resources */,
				1562D2710D166A6AB8A83EC8 /* Embed Pods Frameworks */,
				6287B7BB33BE71D6C29176F0 /* Copy Pods Resources */,
			);
			buildRules = (
			);
			dependencies = (
			);
			name = Plink;
			productName = Plink;
			productReference = 8FC432BD1C0296A600397C34 /* Plink.app */;
			productType = "com.apple.product-type.application";
		};
/* End PBXNativeTarget section */

/* Begin PBXProject section */
		8FC432B51C0296A600397C34 /* Project object */ = {
			isa = PBXProject;
			attributes = {
				LastSwiftUpdateCheck = 0710;
				LastUpgradeCheck = 0710;
				ORGANIZATIONNAME = "Saad Ismail";
				TargetAttributes = {
					8FC432BC1C0296A600397C34 = {
						CreatedOnToolsVersion = 7.1.1;
					};
				};
			};
			buildConfigurationList = 8FC432B81C0296A600397C34 /* Build configuration list for PBXProject "Plink" */;
			compatibilityVersion = "Xcode 3.2";
			developmentRegion = English;
			hasScannedForEncodings = 0;
			knownRegions = (
				en,
				Base,
			);
			mainGroup = 8FC432B41C0296A600397C34;
			productRefGroup = 8FC432BE1C0296A600397C34 /* Products */;
			projectDirPath = "";
			projectRoot = "";
			targets = (
				8FC432BC1C0296A600397C34 /* Plink */,
			);
		};
/* End PBXProject section */

/* Begin PBXResourcesBuildPhase section */
		8FC432BB1C0296A600397C34 /* Resources */ = {
			isa = PBXResourcesBuildPhase;
			buildActionMask = 2147483647;
			files = (
				8FC432CE1C0296A600397C34 /* LaunchScreen.storyboard in Resources */,
				8FC432CB1C0296A600397C34 /* Assets.xcassets in Resources */,
				8FC432C61C0296A600397C34 /* Main.storyboard in Resources */,
			);
			runOnlyForDeploymentPostprocessing = 0;
		};
/* End PBXResourcesBuildPhase section */

/* Begin PBXShellScriptBuildPhase section */
		0936CA8EEEF0BEF086954BFD /* Check Pods Manifest.lock */ = {
			isa = PBXShellScriptBuildPhase;
			buildActionMask = 2147483647;
			files = (
			);
			inputPaths = (
			);
			name = "Check Pods Manifest.lock";
			outputPaths = (
			);
			runOnlyForDeploymentPostprocessing = 0;
			shellPath = /bin/sh;
			shellScript = "diff \"${PODS_ROOT}/../Podfile.lock\" \"${PODS_ROOT}/Manifest.lock\" > /dev/null\nif [[ $? != 0 ]] ; then\n    cat << EOM\nerror: The sandbox is not in sync with the Podfile.lock. Run 'pod install' or update your CocoaPods installation.\nEOM\n    exit 1\nfi\n";
			showEnvVarsInLog = 0;
		};
		1562D2710D166A6AB8A83EC8 /* Embed Pods Frameworks */ = {
			isa = PBXShellScriptBuildPhase;
			buildActionMask = 2147483647;
			files = (
			);
			inputPaths = (
			);
			name = "Embed Pods Frameworks";
			outputPaths = (
			);
			runOnlyForDeploymentPostprocessing = 0;
			shellPath = /bin/sh;
			shellScript = "\"${SRCROOT}/Pods/Target Support Files/Pods/Pods-frameworks.sh\"\n";
			showEnvVarsInLog = 0;
		};
		6287B7BB33BE71D6C29176F0 /* Copy Pods Resources */ = {
			isa = PBXShellScriptBuildPhase;
			buildActionMask = 2147483647;
			files = (
			);
			inputPaths = (
			);
			name = "Copy Pods Resources";
			outputPaths = (
			);
			runOnlyForDeploymentPostprocessing = 0;
			shellPath = /bin/sh;
			shellScript = "\"${SRCROOT}/Pods/Target Support Files/Pods/Pods-resources.sh\"\n";
			showEnvVarsInLog = 0;
		};
/* End PBXShellScriptBuildPhase section */

/* Begin PBXSourcesBuildPhase section */
		8FC432B91C0296A600397C34 /* Sources */ = {
			isa = PBXSourcesBuildPhase;
			buildActionMask = 2147483647;
			files = (
				8F4D9CC81C069134002E0474 /* NSDateExtensions.swift in Sources */,
				8F8B5A001C02D69C00D71824 /* MedTime.swift in Sources */,
				8F4D9CCB1C069D3D002E0474 /* MedTimeTableViewCell.swift in Sources */,
				8F8B59FD1C02CA6600D71824 /* PSManager.swift in Sources */,
				8FC432C31C0296A600397C34 /* ViewController.swift in Sources */,
				8FC432C11C0296A600397C34 /* AppDelegate.swift in Sources */,
				8FC432C91C0296A600397C34 /* Plink.xcdatamodeld in Sources */,
			);
			runOnlyForDeploymentPostprocessing = 0;
		};
/* End PBXSourcesBuildPhase section */

/* Begin PBXVariantGroup section */
		8FC432C41C0296A600397C34 /* Main.storyboard */ = {
			isa = PBXVariantGroup;
			children = (
				8FC432C51C0296A600397C34 /* Base */,
			);
			name = Main.storyboard;
			sourceTree = "<group>";
		};
		8FC432CC1C0296A600397C34 /* LaunchScreen.storyboard */ = {
			isa = PBXVariantGroup;
			children = (
				8FC432CD1C0296A600397C34 /* Base */,
			);
			name = LaunchScreen.storyboard;
			sourceTree = "<group>";
		};
/* End PBXVariantGroup section */

/* Begin XCBuildConfiguration section */
		8FC432D01C0296A600397C34 /* Debug */ = {
			isa = XCBuildConfiguration;
			buildSettings = {
				ALWAYS_SEARCH_USER_PATHS = NO;
				CLANG_CXX_LANGUAGE_STANDARD = "gnu++0x";
				CLANG_CXX_LIBRARY = "libc++";
				CLANG_ENABLE_MODULES = YES;
				CLANG_ENABLE_OBJC_ARC = YES;
				CLANG_WARN_BOOL_CONVERSION = YES;
				CLANG_WARN_CONSTANT_CONVERSION = YES;
				CLANG_WARN_DIRECT_OBJC_ISA_USAGE = YES_ERROR;
				CLANG_WARN_EMPTY_BODY = YES;
				CLANG_WARN_ENUM_CONVERSION = YES;
				CLANG_WARN_INT_CONVERSION = YES;
				CLANG_WARN_OBJC_ROOT_CLASS = YES_ERROR;
				CLANG_WARN_UNREACHABLE_CODE = YES;
				CLANG_WARN__DUPLICATE_METHOD_MATCH = YES;
				"CODE_SIGN_IDENTITY[sdk=iphoneos*]" = "iPhone Developer";
				COPY_PHASE_STRIP = NO;
				DEBUG_INFORMATION_FORMAT = dwarf;
				ENABLE_STRICT_OBJC_MSGSEND = YES;
				ENABLE_TESTABILITY = YES;
				GCC_C_LANGUAGE_STANDARD = gnu99;
				GCC_DYNAMIC_NO_PIC = NO;
				GCC_NO_COMMON_BLOCKS = YES;
				GCC_OPTIMIZATION_LEVEL = 0;
				GCC_PREPROCESSOR_DEFINITIONS = (
					"DEBUG=1",
					"$(inherited)",
				);
				GCC_WARN_64_TO_32_BIT_CONVERSION = YES;
				GCC_WARN_ABOUT_RETURN_TYPE = YES_ERROR;
				GCC_WARN_UNDECLARED_SELECTOR = YES;
				GCC_WARN_UNINITIALIZED_AUTOS = YES_AGGRESSIVE;
				GCC_WARN_UNUSED_FUNCTION = YES;
				GCC_WARN_UNUSED_VARIABLE = YES;
				IPHONEOS_DEPLOYMENT_TARGET = 9.1;
				MTL_ENABLE_DEBUG_INFO = YES;
				ONLY_ACTIVE_ARCH = YES;
				SDKROOT = iphoneos;
				SWIFT_OPTIMIZATION_LEVEL = "-Onone";
			};
			name = Debug;
		};
		8FC432D11C0296A600397C34 /* Release */ = {
			isa = XCBuildConfiguration;
			buildSettings = {
				ALWAYS_SEARCH_USER_PATHS = NO;
				CLANG_CXX_LANGUAGE_STANDARD = "gnu++0x";
				CLANG_CXX_LIBRARY = "libc++";
				CLANG_ENABLE_MODULES = YES;
				CLANG_ENABLE_OBJC_ARC = YES;
				CLANG_WARN_BOOL_CONVERSION = YES;
				CLANG_WARN_CONSTANT_CONVERSION = YES;
				CLANG_WARN_DIRECT_OBJC_ISA_USAGE = YES_ERROR;
				CLANG_WARN_EMPTY_BODY = YES;
				CLANG_WARN_ENUM_CONVERSION = YES;
				CLANG_WARN_INT_CONVERSION = YES;
				CLANG_WARN_OBJC_ROOT_CLASS = YES_ERROR;
				CLANG_WARN_UNREACHABLE_CODE = YES;
				CLANG_WARN__DUPLICATE_METHOD_MATCH = YES;
				"CODE_SIGN_IDENTITY[sdk=iphoneos*]" = "iPhone Developer";
				COPY_PHASE_STRIP = NO;
				DEBUG_INFORMATION_FORMAT = "dwarf-with-dsym";
				ENABLE_NS_ASSERTIONS = NO;
				ENABLE_STRICT_OBJC_MSGSEND = YES;
				GCC_C_LANGUAGE_STANDARD = gnu99;
				GCC_NO_COMMON_BLOCKS = YES;
				GCC_WARN_64_TO_32_BIT_CONVERSION = YES;
				GCC_WARN_ABOUT_RETURN_TYPE = YES_ERROR;
				GCC_WARN_UNDECLARED_SELECTOR = YES;
				GCC_WARN_UNINITIALIZED_AUTOS = YES_AGGRESSIVE;
				GCC_WARN_UNUSED_FUNCTION = YES;
				GCC_WARN_UNUSED_VARIABLE = YES;
				IPHONEOS_DEPLOYMENT_TARGET = 9.1;
				MTL_ENABLE_DEBUG_INFO = NO;
				SDKROOT = iphoneos;
				VALIDATE_PRODUCT = YES;
			};
			name = Release;
		};
		8FC432D31C0296A600397C34 /* Debug */ = {
			isa = XCBuildConfiguration;
			baseConfigurationReference = 1C5F4369008F5945EF273677 /* Pods.debug.xcconfig */;
			buildSettings = {
				ASSETCATALOG_COMPILER_APPICON_NAME = AppIcon;
				INFOPLIST_FILE = Plink/Info.plist;
				LD_RUNPATH_SEARCH_PATHS = "$(inherited) @executable_path/Frameworks";
				PRODUCT_BUNDLE_IDENTIFIER = com.squarestaq.Plink;
				PRODUCT_NAME = "$(TARGET_NAME)";
			};
			name = Debug;
		};
		8FC432D41C0296A600397C34 /* Release */ = {
			isa = XCBuildConfiguration;
			baseConfigurationReference = E2AE70F51620601624F039E9 /* Pods.release.xcconfig */;
			buildSettings = {
				ASSETCATALOG_COMPILER_APPICON_NAME = AppIcon;
				INFOPLIST_FILE = Plink/Info.plist;
				LD_RUNPATH_SEARCH_PATHS = "$(inherited) @executable_path/Frameworks";
				PRODUCT_BUNDLE_IDENTIFIER = com.squarestaq.Plink;
				PRODUCT_NAME = "$(TARGET_NAME)";
			};
			name = Release;
		};
/* End XCBuildConfiguration section */

/* Begin XCConfigurationList section */
		8FC432B81C0296A600397C34 /* Build configuration list for PBXProject "Plink" */ = {
			isa = XCConfigurationList;
			buildConfigurations = (
				8FC432D01C0296A600397C34 /* Debug */,
				8FC432D11C0296A600397C34 /* Release */,
			);
			defaultConfigurationIsVisible = 0;
			defaultConfigurationName = Release;
		};
		8FC432D21C0296A600397C34 /* Build configuration list for PBXNativeTarget "Plink" */ = {
			isa = XCConfigurationList;
			buildConfigurations = (
				8FC432D31C0296A600397C34 /* Debug */,
				8FC432D41C0296A600397C34 /* Release */,
			);
			defaultConfigurationIsVisible = 0;
			defaultConfigurationName = Release;
		};
/* End XCConfigurationList section */

/* Begin XCVersionGroup section */
		8FC432C71C0296A600397C34 /* Plink.xcdatamodeld */ = {
			isa = XCVersionGroup;
			children = (
				8FC432C81C0296A600397C34 /* Plink.xcdatamodel */,
			);
			currentVersion = 8FC432C81C0296A600397C34 /* Plink.xcdatamodel */;
			path = Plink.xcdatamodeld;
			sourceTree = "<group>";
			versionGroupType = wrapper.xcdatamodel;
		};
/* End XCVersionGroup section */
	};
	rootObject = 8FC432B51C0296A600397C34 /* Project object */;
}
